
Microsoft Visual Studio Solution File, Format Version 12.00
# Visual Studio Version 17
VisualStudioVersion = 17.14.36121.58 d17.14
MinimumVisualStudioVersion = 10.0.40219.1
Project("{FAE04EC0-301F-11D3-BF4B-00C04F79EFBC}") = "EJERCICIO_01", "EJERCICIO_01\EJERCICIO_01.csproj", "{1B0ABC63-6EEC-465F-9DA3-F2DB89B361C8}"
EndProject
Global
	GlobalSection(SolutionConfigurationPlatforms) = preSolution
		Debug|Any CPU = Debug|Any CPU
		Release|Any CPU = Release|Any CPU
	EndGlobalSection
	GlobalSection(ProjectConfigurationPlatforms) = postSolution
		{1B0ABC63-6EEC-465F-9DA3-F2DB89B361C8}.Debug|Any CPU.ActiveCfg = Debug|Any CPU
		{1B0ABC63-6EEC-465F-9DA3-F2DB89B361C8}.Debug|Any CPU.Build.0 = Debug|Any CPU
		{1B0ABC63-6EEC-465F-9DA3-F2DB89B361C8}.Release|Any CPU.ActiveCfg = Release|Any CPU
		{1B0ABC63-6EEC-465F-9DA3-F2DB89B361C8}.Release|Any CPU.Build.0 = Release|Any CPU
	EndGlobalSection
	GlobalSection(SolutionProperties) = preSolution
		HideSolutionNode = FALSE
	EndGlobalSection
	GlobalSection(ExtensibilityGlobals) = postSolution
		SolutionGuid = {5B3D703C-161D-4D04-A288-DF7DD9CFC19C}
	EndGlobalSection
EndGlobal
